
Microsoft Visual Studio Solution File, Format Version 12.00
# Visual Studio 15
VisualStudioVersion = 15.0.27130.2036
MinimumVisualStudioVersion = 10.0.40219.1
Project("{8BC9CEB8-8B4A-11D0-8D11-00A0C91BC942}") = "audio_device_win", "DMOAudioPlayer\audio_device_win.vcxproj", "{FEF30D2D-A933-4A94-B02D-1DD02D943AAF}"
	ProjectSection(ProjectDependencies) = postProject
		{FD396682-3D80-4290-A647-102400B12510} = {FD396682-3D80-4290-A647-102400B12510}
	EndProjectSection
EndProject
Project("{8BC9CEB8-8B4A-11D0-8D11-00A0C91BC942}") = "sample_rate_converter", "sample_rate_converter\sample_rate_converter.vcxproj", "{FD396682-3D80-4290-A647-102400B12510}"
EndProject
Project("{8BC9CEB8-8B4A-11D0-8D11-00A0C91BC942}") = "sample_rate_converter_test", "sample_rate_converter_test\sample_rate_converter_test.vcxproj", "{C9DAEC21-2105-44FE-B89E-D95A195DC559}"
	ProjectSection(ProjectDependencies) = postProject
		{FD396682-3D80-4290-A647-102400B12510} = {FD396682-3D80-4290-A647-102400B12510}
	EndProjectSection
EndProject
Global
	GlobalSection(SolutionConfigurationPlatforms) = preSolution
		Debug|x64 = Debug|x64
		Debug|x86 = Debug|x86
		Release|x64 = Release|x64
		Release|x86 = Release|x86
	EndGlobalSection
	GlobalSection(ProjectConfigurationPlatforms) = postSolution
		{FEF30D2D-A933-4A94-B02D-1DD02D943AAF}.Debug|x64.ActiveCfg = Debug|x64
		{FEF30D2D-A933-4A94-B02D-1DD02D943AAF}.Debug|x64.Build.0 = Debug|x64
		{FEF30D2D-A933-4A94-B02D-1DD02D943AAF}.Debug|x86.ActiveCfg = Debug|Win32
		{FEF30D2D-A933-4A94-B02D-1DD02D943AAF}.Debug|x86.Build.0 = Debug|Win32
		{FEF30D2D-A933-4A94-B02D-1DD02D943AAF}.Release|x64.ActiveCfg = Release|x64
		{FEF30D2D-A933-4A94-B02D-1DD02D943AAF}.Release|x64.Build.0 = Release|x64
		{FEF30D2D-A933-4A94-B02D-1DD02D943AAF}.Release|x86.ActiveCfg = Release|Win32
		{FEF30D2D-A933-4A94-B02D-1DD02D943AAF}.Release|x86.Build.0 = Release|Win32
		{FD396682-3D80-4290-A647-102400B12510}.Debug|x64.ActiveCfg = Debug|x64
		{FD396682-3D80-4290-A647-102400B12510}.Debug|x64.Build.0 = Debug|x64
		{FD396682-3D80-4290-A647-102400B12510}.Debug|x86.ActiveCfg = Debug|Win32
		{FD396682-3D80-4290-A647-102400B12510}.Debug|x86.Build.0 = Debug|Win32
		{FD396682-3D80-4290-A647-102400B12510}.Release|x64.ActiveCfg = Release|x64
		{FD396682-3D80-4290-A647-102400B12510}.Release|x64.Build.0 = Release|x64
		{FD396682-3D80-4290-A647-102400B12510}.Release|x86.ActiveCfg = Release|Win32
		{FD396682-3D80-4290-A647-102400B12510}.Release|x86.Build.0 = Release|Win32
		{C9DAEC21-2105-44FE-B89E-D95A195DC559}.Debug|x64.ActiveCfg = Debug|x64
		{C9DAEC21-2105-44FE-B89E-D95A195DC559}.Debug|x64.Build.0 = Debug|x64
		{C9DAEC21-2105-44FE-B89E-D95A195DC559}.Debug|x86.ActiveCfg = Debug|Win32
		{C9DAEC21-2105-44FE-B89E-D95A195DC559}.Debug|x86.Build.0 = Debug|Win32
		{C9DAEC21-2105-44FE-B89E-D95A195DC559}.Release|x64.ActiveCfg = Release|x64
		{C9DAEC21-2105-44FE-B89E-D95A195DC559}.Release|x64.Build.0 = Release|x64
		{C9DAEC21-2105-44FE-B89E-D95A195DC559}.Release|x86.ActiveCfg = Release|Win32
		{C9DAEC21-2105-44FE-B89E-D95A195DC559}.Release|x86.Build.0 = Release|Win32
	EndGlobalSection
	GlobalSection(SolutionProperties) = preSolution
		HideSolutionNode = FALSE
	EndGlobalSection
	GlobalSection(ExtensibilityGlobals) = postSolution
		SolutionGuid = {D34F21BD-E280-4C5C-B66F-5DCCA46BA4B4}
	EndGlobalSection
EndGlobal
